
Microsoft Visual Studio Solution File, Format Version 12.00
Project("{FAE04EC0-301F-11D3-BF4B-00C04F79EFBC}") = "Duck_Leg_Eating_Module2.0", "Duck_Leg_Eating_Module2.0\Duck_Leg_Eating_Module2.0.csproj", "{508FFA07-2F36-48CE-944D-80F0FB18DEEF}"
EndProject
Global
	GlobalSection(SolutionConfigurationPlatforms) = preSolution
		Debug|Any CPU = Debug|Any CPU
		Release|Any CPU = Release|Any CPU
	EndGlobalSection
	GlobalSection(ProjectConfigurationPlatforms) = postSolution
		{508FFA07-2F36-48CE-944D-80F0FB18DEEF}.Debug|Any CPU.ActiveCfg = Debug|Any CPU
		{508FFA07-2F36-48CE-944D-80F0FB18DEEF}.Debug|Any CPU.Build.0 = Debug|Any CPU
		{508FFA07-2F36-48CE-944D-80F0FB18DEEF}.Release|Any CPU.ActiveCfg = Release|Any CPU
		{508FFA07-2F36-48CE-944D-80F0FB18DEEF}.Release|Any CPU.Build.0 = Release|Any CPU
	EndGlobalSection
EndGlobal
